
Microsoft Visual Studio Solution File, Format Version 12.00
# Visual Studio Version 17
VisualStudioVersion = 17.13.35919.96 d17.13
MinimumVisualStudioVersion = 10.0.40219.1
Project("{888888A0-9F3D-457C-B088-3A5042F75D52}") = "biblioteca-universitaria", "biblioteca-universitaria.pyproj", "{66FA7A8D-4FA5-4395-9EB1-E508AFFCDC93}"
EndProject
Global
	GlobalSection(SolutionConfigurationPlatforms) = preSolution
		Debug|Any CPU = Debug|Any CPU
		Release|Any CPU = Release|Any CPU
	EndGlobalSection
	GlobalSection(ProjectConfigurationPlatforms) = postSolution
		{66FA7A8D-4FA5-4395-9EB1-E508AFFCDC93}.Debug|Any CPU.ActiveCfg = Debug|Any CPU
		{66FA7A8D-4FA5-4395-9EB1-E508AFFCDC93}.Release|Any CPU.ActiveCfg = Release|Any CPU
	EndGlobalSection
	GlobalSection(SolutionProperties) = preSolution
		HideSolutionNode = FALSE
	EndGlobalSection
	GlobalSection(ExtensibilityGlobals) = postSolution
		SolutionGuid = {9DD5A855-D7EA-404D-9B59-CC88EFE85C40}
	EndGlobalSection
EndGlobal
